{
  "name": "fc25-sbc-solver",
  "version": "2.0.0",
  "lockfileVersion": 3,
  "requires": true,
  "packages": {
    "": {
      "name": "fc25-sbc-solver",
      "version": "2.0.0",
      "license": "MIT",
      "dependencies": {
        "axios": "^1.6.0",
        "cheerio": "^1.0.0-rc.12",
        "cors": "^2.8.5",
        "express": "^4.18.2",
        "lodash": "^4.17.21",
        "node-cron": "^3.0.3",
        "pg": "^8.11.3"
      },
      "devDependencies": {
        "nodemon": "^3.0.1"
      }
    },
    "node_modules/axios": {
      "version": "1.6.0",
      "resolved": "https://registry.npmjs.org/axios/-/axios-1.6.0.tgz",
      "integrity": "sha512-nwCvYq4qI+ux6TjqL5QZxtD8iVSpRINXAKPYFpuP7i4yU7j8WZt+QuvvQxP+abD8lLJQXQKw5xzst77g4RrXsg=="
    },
    "node_modules/cheerio": {
      "version": "1.0.0-rc.12",
      "resolved": "https://registry.npmjs.org/cheerio/-/cheerio-1.0.0-rc.12.tgz",
      "integrity": "sha512-kM+h22JYHRiiYxi8XyTvZULX8y7Q0KhsSP4GLmB4mYQtFdcUqnvF2y3H47WQHtI1Qf8NayOkzJ6B6VXh26Md8Q=="
    },
    "node_modules/cors": {
      "version": "2.8.5",
      "resolved": "https://registry.npmjs.org/cors/-/cors-2.8.5.tgz",
      "integrity": "sha512-KRj+fB4qv4kAaSOrRO6vJRRrR5FZ1ddZKf+pr1lRrVb1m1o98Dk0pKsH1J8U2M39A+9cfBvX1xU8EnH5fQb0oQ=="
    },
    "node_modules/express": {
      "version": "4.18.2",
      "resolved": "https://registry.npmjs.org/express/-/express-4.18.2.tgz",
      "integrity": "sha512-6Sutp5kk1bmqZKpXldWgQFmJ5r7riS2fL4aPv7DDTKGN5PSU3+IbVf4BB6Hfsj3s2Q5aPjKED3Yox2P7hI1M0A=="
    },
    "node_modules/lodash": {
      "version": "4.17.21",
      "resolved": "https://registry.npmjs.org/lodash/-/lodash-4.17.21.tgz",
      "integrity": "sha512-v2kDEy0uDfPE3kGsd+uLqFZB6tb4UHgB+vCoVpXAVQv7jWe05obP6OdYILLYG8Rv5w52vBq0SqFuP8VR+XjvAw=="
    },
    "node_modules/node-cron": {
      "version": "3.0.3",
      "resolved": "https://registry.npmjs.org/node-cron/-/node-cron-3.0.3.tgz",
      "integrity": "sha512-r4nqQXfZJ6i4bZhrkY3E6nmpaZ2z4Vb9hhSkqDPIqTiYZ7exBYyyohE4AQh6EvXxl9tKHmYlz0Fj10t8qNlgqQ=="
    },
    "node_modules/pg": {
      "version": "8.11.3",
      "resolved": "https://registry.npmjs.org/pg/-/pg-8.11.3.tgz",
      "integrity": "sha512-fzI2lQeZHXOa5TfPe+FYiCNmN3iQG1tw62+1C+pbCTzZV3xjH25sHZiGGiKkWtnmT+IQlIdAjbBt/N1nC7S/5A=="
    },
    "node_modules/nodemon": {
      "version": "3.0.1",
      "resolved": "https://registry.npmjs.org/nodemon/-/nodemon-3.0.1.tgz",
      "integrity": "sha512-pMXYsZ8gK8Uc0Obl/Ttt2dThH5wGh5byM6CSnB3l8uGMyOD6CQk2BdVdzG5xkz1DYoU7aCyrxAVieMw6t5jyJg==",
      "dev": true
    }
  }
}
